
Microsoft Visual Studio Solution File, Format Version 12.00
# Visual Studio 15
VisualStudioVersion = 15.0.26124.0
MinimumVisualStudioVersion = 15.0.26124.0
Project("{FAE04EC0-301F-11D3-BF4B-00C04F79EFBC}") = "Codewars.CSharp", "Codewars.CSharp\Codewars.CSharp.csproj", "{F52C6C61-589D-4277-AEDC-5BBD4DD1ED24}"
EndProject
Project("{FAE04EC0-301F-11D3-BF4B-00C04F79EFBC}") = "Codewars.CSharp.UnitTests", "Codewars.CSharp.UnitTests\Codewars.CSharp.UnitTests.csproj", "{D222DF31-FEE2-4694-9BBC-1B068334007D}"
EndProject
Global
	GlobalSection(SolutionConfigurationPlatforms) = preSolution
		Debug|Any CPU = Debug|Any CPU
		Debug|x64 = Debug|x64
		Debug|x86 = Debug|x86
		Release|Any CPU = Release|Any CPU
		Release|x64 = Release|x64
		Release|x86 = Release|x86
	EndGlobalSection
	GlobalSection(SolutionProperties) = preSolution
		HideSolutionNode = FALSE
	EndGlobalSection
	GlobalSection(ProjectConfigurationPlatforms) = postSolution
		{F52C6C61-589D-4277-AEDC-5BBD4DD1ED24}.Debug|Any CPU.ActiveCfg = Debug|Any CPU
		{F52C6C61-589D-4277-AEDC-5BBD4DD1ED24}.Debug|Any CPU.Build.0 = Debug|Any CPU
		{F52C6C61-589D-4277-AEDC-5BBD4DD1ED24}.Debug|x64.ActiveCfg = Debug|Any CPU
		{F52C6C61-589D-4277-AEDC-5BBD4DD1ED24}.Debug|x64.Build.0 = Debug|Any CPU
		{F52C6C61-589D-4277-AEDC-5BBD4DD1ED24}.Debug|x86.ActiveCfg = Debug|Any CPU
		{F52C6C61-589D-4277-AEDC-5BBD4DD1ED24}.Debug|x86.Build.0 = Debug|Any CPU
		{F52C6C61-589D-4277-AEDC-5BBD4DD1ED24}.Release|Any CPU.ActiveCfg = Release|Any CPU
		{F52C6C61-589D-4277-AEDC-5BBD4DD1ED24}.Release|Any CPU.Build.0 = Release|Any CPU
		{F52C6C61-589D-4277-AEDC-5BBD4DD1ED24}.Release|x64.ActiveCfg = Release|Any CPU
		{F52C6C61-589D-4277-AEDC-5BBD4DD1ED24}.Release|x64.Build.0 = Release|Any CPU
		{F52C6C61-589D-4277-AEDC-5BBD4DD1ED24}.Release|x86.ActiveCfg = Release|Any CPU
		{F52C6C61-589D-4277-AEDC-5BBD4DD1ED24}.Release|x86.Build.0 = Release|Any CPU
		{D222DF31-FEE2-4694-9BBC-1B068334007D}.Debug|Any CPU.ActiveCfg = Debug|Any CPU
		{D222DF31-FEE2-4694-9BBC-1B068334007D}.Debug|Any CPU.Build.0 = Debug|Any CPU
		{D222DF31-FEE2-4694-9BBC-1B068334007D}.Debug|x64.ActiveCfg = Debug|Any CPU
		{D222DF31-FEE2-4694-9BBC-1B068334007D}.Debug|x64.Build.0 = Debug|Any CPU
		{D222DF31-FEE2-4694-9BBC-1B068334007D}.Debug|x86.ActiveCfg = Debug|Any CPU
		{D222DF31-FEE2-4694-9BBC-1B068334007D}.Debug|x86.Build.0 = Debug|Any CPU
		{D222DF31-FEE2-4694-9BBC-1B068334007D}.Release|Any CPU.ActiveCfg = Release|Any CPU
		{D222DF31-FEE2-4694-9BBC-1B068334007D}.Release|Any CPU.Build.0 = Release|Any CPU
		{D222DF31-FEE2-4694-9BBC-1B068334007D}.Release|x64.ActiveCfg = Release|Any CPU
		{D222DF31-FEE2-4694-9BBC-1B068334007D}.Release|x64.Build.0 = Release|Any CPU
		{D222DF31-FEE2-4694-9BBC-1B068334007D}.Release|x86.ActiveCfg = Release|Any CPU
		{D222DF31-FEE2-4694-9BBC-1B068334007D}.Release|x86.Build.0 = Release|Any CPU
	EndGlobalSection
EndGlobal
